
Microsoft Visual Studio Solution File, Format Version 12.00
# Visual Studio Version 17
VisualStudioVersion = 17.4.33213.308
MinimumVisualStudioVersion = 10.0.40219.1
Project("{FAE04EC0-301F-11D3-BF4B-00C04F79EFBC}") = "BankApp", "BankApp\BankApp.csproj", "{B5486D36-8BD8-404D-94E0-90FDD46E631C}"
EndProject
Project("{2150E333-8FDC-42A3-9474-1A3956D46DE8}") = "Çözüm Öğeleri", "Çözüm Öğeleri", "{5CAF2C01-9610-4E82-A291-37D2EF3EA83D}"
EndProject
Global
	GlobalSection(SolutionConfigurationPlatforms) = preSolution
		Debug|Any CPU = Debug|Any CPU
		Release|Any CPU = Release|Any CPU
	EndGlobalSection
	GlobalSection(ProjectConfigurationPlatforms) = postSolution
		{B5486D36-8BD8-404D-94E0-90FDD46E631C}.Debug|Any CPU.ActiveCfg = Debug|Any CPU
		{B5486D36-8BD8-404D-94E0-90FDD46E631C}.Debug|Any CPU.Build.0 = Debug|Any CPU
		{B5486D36-8BD8-404D-94E0-90FDD46E631C}.Release|Any CPU.ActiveCfg = Release|Any CPU
		{B5486D36-8BD8-404D-94E0-90FDD46E631C}.Release|Any CPU.Build.0 = Release|Any CPU
	EndGlobalSection
	GlobalSection(SolutionProperties) = preSolution
		HideSolutionNode = FALSE
	EndGlobalSection
	GlobalSection(ExtensibilityGlobals) = postSolution
		SolutionGuid = {66A7DF2E-E0AE-4E49-A04D-EC5BB289D0C0}
	EndGlobalSection
EndGlobal
